
Microsoft Visual Studio Solution File, Format Version 12.00
# Visual Studio 14
VisualStudioVersion = 14.0.23107.0
MinimumVisualStudioVersion = 10.0.40219.1
Project("{8BC9CEB8-8B4A-11D0-8D11-00A0C91BC942}") = "ACM-ICPC_1463(1)", "ACM-ICPC_1463(1)\ACM-ICPC_1463(1).vcxproj", "{87007625-B3F6-4305-9FB1-CB2408B155FF}"
EndProject
Global
	GlobalSection(SolutionConfigurationPlatforms) = preSolution
		Debug|x64 = Debug|x64
		Debug|x86 = Debug|x86
		Release|x64 = Release|x64
		Release|x86 = Release|x86
	EndGlobalSection
	GlobalSection(ProjectConfigurationPlatforms) = postSolution
		{87007625-B3F6-4305-9FB1-CB2408B155FF}.Debug|x64.ActiveCfg = Debug|x64
		{87007625-B3F6-4305-9FB1-CB2408B155FF}.Debug|x64.Build.0 = Debug|x64
		{87007625-B3F6-4305-9FB1-CB2408B155FF}.Debug|x86.ActiveCfg = Debug|Win32
		{87007625-B3F6-4305-9FB1-CB2408B155FF}.Debug|x86.Build.0 = Debug|Win32
		{87007625-B3F6-4305-9FB1-CB2408B155FF}.Release|x64.ActiveCfg = Release|x64
		{87007625-B3F6-4305-9FB1-CB2408B155FF}.Release|x64.Build.0 = Release|x64
		{87007625-B3F6-4305-9FB1-CB2408B155FF}.Release|x86.ActiveCfg = Release|Win32
		{87007625-B3F6-4305-9FB1-CB2408B155FF}.Release|x86.Build.0 = Release|Win32
	EndGlobalSection
	GlobalSection(SolutionProperties) = preSolution
		HideSolutionNode = FALSE
	EndGlobalSection
EndGlobal
